
Microsoft Visual Studio Solution File, Format Version 12.00
# Visual Studio Version 16
VisualStudioVersion = 16.0.29905.134
MinimumVisualStudioVersion = 10.0.40219.1
Project("{FAE04EC0-301F-11D3-BF4B-00C04F79EFBC}") = "1b.IskalievaLE.BLL", "1b.IskalievaLE\1b.IskalievaLE.BLL.csproj", "{4C977B61-2F69-4999-9C8A-99E390AD3145}"
EndProject
Project("{2150E333-8FDC-42A3-9474-1A3956D46DE8}") = "PL", "PL", "{12C3465B-90DA-4616-8BB0-E9827535892C}"
EndProject
Project("{2150E333-8FDC-42A3-9474-1A3956D46DE8}") = "BLL", "BLL", "{CA6DB701-C8CE-4514-81B0-357F04B84E61}"
EndProject
Project("{2150E333-8FDC-42A3-9474-1A3956D46DE8}") = "DAL", "DAL", "{B5EE96AA-76F5-4ED3-8E7A-C6756231FC96}"
EndProject
Project("{FAE04EC0-301F-11D3-BF4B-00C04F79EFBC}") = "1b.IskalievaLE.BLL.Interface", "1b.IskalievaLE.BLL.Interface\1b.IskalievaLE.BLL.Interface.csproj", "{8041C074-5EA6-46AA-B38A-F1B743B563FB}"
EndProject
Project("{FAE04EC0-301F-11D3-BF4B-00C04F79EFBC}") = "1b.IskalievaLE.DAL", "1b.IskalievaLE.DAL\1b.IskalievaLE.DAL.csproj", "{515BB2E6-C538-4B76-AD9D-9A8F79EF1FD3}"
EndProject
Project("{FAE04EC0-301F-11D3-BF4B-00C04F79EFBC}") = "1b.IskalievaLE.DAL.Interface", "1b.IskalievaLE.DAL.Interface\1b.IskalievaLE.DAL.Interface.csproj", "{8A860AA5-7BD4-4F34-9161-7A2DDB7B2D03}"
EndProject
Project("{FAE04EC0-301F-11D3-BF4B-00C04F79EFBC}") = "1b.IskalievaLE.ConsolePL", "1b.IskalievaLE.ConsolePL\1b.IskalievaLE.ConsolePL.csproj", "{76225158-A07B-42FD-8089-FB4E0C664C84}"
EndProject
Project("{2150E333-8FDC-42A3-9474-1A3956D46DE8}") = "Common", "Common", "{3504107E-39A9-4C25-83AF-320791C03D33}"
EndProject
Project("{FAE04EC0-301F-11D3-BF4B-00C04F79EFBC}") = "1b.IskalievaLE.Entities", "1b.IskalievaLE.Entities\1b.IskalievaLE.Entities.csproj", "{DCD8266D-9CF1-4FA5-A44A-F808143D2C15}"
EndProject
Project("{FAE04EC0-301F-11D3-BF4B-00C04F79EFBC}") = "1b.IskalievaLE.WebPl", "1b.IskalievaLE.WebPl\1b.IskalievaLE.WebPl.csproj", "{B065A1B0-20B7-404B-8851-2D4DD0F22C61}"
EndProject
Project("{FAE04EC0-301F-11D3-BF4B-00C04F79EFBC}") = "1b.IskalievaLE.Common", "1b.IskalievaLE.Common\1b.IskalievaLE.Common.csproj", "{2A2EC676-B3D3-4C5E-B078-E4F4F3487806}"
EndProject
Global
	GlobalSection(SolutionConfigurationPlatforms) = preSolution
		Debug|Any CPU = Debug|Any CPU
		DebugLocal|Any CPU = DebugLocal|Any CPU
		Release|Any CPU = Release|Any CPU
	EndGlobalSection
	GlobalSection(ProjectConfigurationPlatforms) = postSolution
		{4C977B61-2F69-4999-9C8A-99E390AD3145}.Debug|Any CPU.ActiveCfg = Debug|Any CPU
		{4C977B61-2F69-4999-9C8A-99E390AD3145}.Debug|Any CPU.Build.0 = Debug|Any CPU
		{4C977B61-2F69-4999-9C8A-99E390AD3145}.DebugLocal|Any CPU.ActiveCfg = Debug|Any CPU
		{4C977B61-2F69-4999-9C8A-99E390AD3145}.DebugLocal|Any CPU.Build.0 = Debug|Any CPU
		{4C977B61-2F69-4999-9C8A-99E390AD3145}.Release|Any CPU.ActiveCfg = Release|Any CPU
		{4C977B61-2F69-4999-9C8A-99E390AD3145}.Release|Any CPU.Build.0 = Release|Any CPU
		{8041C074-5EA6-46AA-B38A-F1B743B563FB}.Debug|Any CPU.ActiveCfg = Debug|Any CPU
		{8041C074-5EA6-46AA-B38A-F1B743B563FB}.Debug|Any CPU.Build.0 = Debug|Any CPU
		{8041C074-5EA6-46AA-B38A-F1B743B563FB}.DebugLocal|Any CPU.ActiveCfg = Debug|Any CPU
		{8041C074-5EA6-46AA-B38A-F1B743B563FB}.DebugLocal|Any CPU.Build.0 = Debug|Any CPU
		{8041C074-5EA6-46AA-B38A-F1B743B563FB}.Release|Any CPU.ActiveCfg = Release|Any CPU
		{8041C074-5EA6-46AA-B38A-F1B743B563FB}.Release|Any CPU.Build.0 = Release|Any CPU
		{515BB2E6-C538-4B76-AD9D-9A8F79EF1FD3}.Debug|Any CPU.ActiveCfg = Debug|Any CPU
		{515BB2E6-C538-4B76-AD9D-9A8F79EF1FD3}.Debug|Any CPU.Build.0 = Debug|Any CPU
		{515BB2E6-C538-4B76-AD9D-9A8F79EF1FD3}.DebugLocal|Any CPU.ActiveCfg = Debug|Any CPU
		{515BB2E6-C538-4B76-AD9D-9A8F79EF1FD3}.DebugLocal|Any CPU.Build.0 = Debug|Any CPU
		{515BB2E6-C538-4B76-AD9D-9A8F79EF1FD3}.Release|Any CPU.ActiveCfg = Release|Any CPU
		{515BB2E6-C538-4B76-AD9D-9A8F79EF1FD3}.Release|Any CPU.Build.0 = Release|Any CPU
		{8A860AA5-7BD4-4F34-9161-7A2DDB7B2D03}.Debug|Any CPU.ActiveCfg = Debug|Any CPU
		{8A860AA5-7BD4-4F34-9161-7A2DDB7B2D03}.Debug|Any CPU.Build.0 = Debug|Any CPU
		{8A860AA5-7BD4-4F34-9161-7A2DDB7B2D03}.DebugLocal|Any CPU.ActiveCfg = Debug|Any CPU
		{8A860AA5-7BD4-4F34-9161-7A2DDB7B2D03}.DebugLocal|Any CPU.Build.0 = Debug|Any CPU
		{8A860AA5-7BD4-4F34-9161-7A2DDB7B2D03}.Release|Any CPU.ActiveCfg = Release|Any CPU
		{8A860AA5-7BD4-4F34-9161-7A2DDB7B2D03}.Release|Any CPU.Build.0 = Release|Any CPU
		{76225158-A07B-42FD-8089-FB4E0C664C84}.Debug|Any CPU.ActiveCfg = Debug|Any CPU
		{76225158-A07B-42FD-8089-FB4E0C664C84}.Debug|Any CPU.Build.0 = Debug|Any CPU
		{76225158-A07B-42FD-8089-FB4E0C664C84}.DebugLocal|Any CPU.ActiveCfg = Debug|Any CPU
		{76225158-A07B-42FD-8089-FB4E0C664C84}.DebugLocal|Any CPU.Build.0 = Debug|Any CPU
		{76225158-A07B-42FD-8089-FB4E0C664C84}.Release|Any CPU.ActiveCfg = Release|Any CPU
		{76225158-A07B-42FD-8089-FB4E0C664C84}.Release|Any CPU.Build.0 = Release|Any CPU
		{DCD8266D-9CF1-4FA5-A44A-F808143D2C15}.Debug|Any CPU.ActiveCfg = Debug|Any CPU
		{DCD8266D-9CF1-4FA5-A44A-F808143D2C15}.Debug|Any CPU.Build.0 = Debug|Any CPU
		{DCD8266D-9CF1-4FA5-A44A-F808143D2C15}.DebugLocal|Any CPU.ActiveCfg = Debug|Any CPU
		{DCD8266D-9CF1-4FA5-A44A-F808143D2C15}.DebugLocal|Any CPU.Build.0 = Debug|Any CPU
		{DCD8266D-9CF1-4FA5-A44A-F808143D2C15}.Release|Any CPU.ActiveCfg = Release|Any CPU
		{DCD8266D-9CF1-4FA5-A44A-F808143D2C15}.Release|Any CPU.Build.0 = Release|Any CPU
		{B065A1B0-20B7-404B-8851-2D4DD0F22C61}.Debug|Any CPU.ActiveCfg = Debug|Any CPU
		{B065A1B0-20B7-404B-8851-2D4DD0F22C61}.Debug|Any CPU.Build.0 = Debug|Any CPU
		{B065A1B0-20B7-404B-8851-2D4DD0F22C61}.DebugLocal|Any CPU.ActiveCfg = Debug|Any CPU
		{B065A1B0-20B7-404B-8851-2D4DD0F22C61}.DebugLocal|Any CPU.Build.0 = Debug|Any CPU
		{B065A1B0-20B7-404B-8851-2D4DD0F22C61}.Release|Any CPU.ActiveCfg = Release|Any CPU
		{B065A1B0-20B7-404B-8851-2D4DD0F22C61}.Release|Any CPU.Build.0 = Release|Any CPU
		{2A2EC676-B3D3-4C5E-B078-E4F4F3487806}.Debug|Any CPU.ActiveCfg = Debug|Any CPU
		{2A2EC676-B3D3-4C5E-B078-E4F4F3487806}.Debug|Any CPU.Build.0 = Debug|Any CPU
		{2A2EC676-B3D3-4C5E-B078-E4F4F3487806}.DebugLocal|Any CPU.ActiveCfg = Debug|Any CPU
		{2A2EC676-B3D3-4C5E-B078-E4F4F3487806}.DebugLocal|Any CPU.Build.0 = Debug|Any CPU
		{2A2EC676-B3D3-4C5E-B078-E4F4F3487806}.Release|Any CPU.ActiveCfg = Release|Any CPU
		{2A2EC676-B3D3-4C5E-B078-E4F4F3487806}.Release|Any CPU.Build.0 = Release|Any CPU
	EndGlobalSection
	GlobalSection(SolutionProperties) = preSolution
		HideSolutionNode = FALSE
	EndGlobalSection
	GlobalSection(NestedProjects) = preSolution
		{4C977B61-2F69-4999-9C8A-99E390AD3145} = {CA6DB701-C8CE-4514-81B0-357F04B84E61}
		{8041C074-5EA6-46AA-B38A-F1B743B563FB} = {CA6DB701-C8CE-4514-81B0-357F04B84E61}
		{515BB2E6-C538-4B76-AD9D-9A8F79EF1FD3} = {B5EE96AA-76F5-4ED3-8E7A-C6756231FC96}
		{8A860AA5-7BD4-4F34-9161-7A2DDB7B2D03} = {B5EE96AA-76F5-4ED3-8E7A-C6756231FC96}
		{76225158-A07B-42FD-8089-FB4E0C664C84} = {12C3465B-90DA-4616-8BB0-E9827535892C}
		{DCD8266D-9CF1-4FA5-A44A-F808143D2C15} = {3504107E-39A9-4C25-83AF-320791C03D33}
		{B065A1B0-20B7-404B-8851-2D4DD0F22C61} = {12C3465B-90DA-4616-8BB0-E9827535892C}
		{2A2EC676-B3D3-4C5E-B078-E4F4F3487806} = {3504107E-39A9-4C25-83AF-320791C03D33}
	EndGlobalSection
	GlobalSection(ExtensibilityGlobals) = postSolution
		SolutionGuid = {8BED41B1-7FA9-44CD-AD02-767B9912FBC0}
	EndGlobalSection
EndGlobal
